// !$*UTF8*$!
{
	archiveVersion = 1;
	classes = {
	};
	objectVersion = 50;
	objects = {

/* Begin PBXBuildFile section */
		051D27F3228D760800D6D1DF /* AppDelegate.swift in Sources */ = {isa = PBXBuildFile; fileRef = 051D27F2228D760800D6D1DF /* AppDelegate.swift */; };
		051D27F8228D760800D6D1DF /* Main.storyboard in Resources */ = {isa = PBXBuildFile; fileRef = 051D27F6228D760800D6D1DF /* Main.storyboard */; };
		051D27FA228D760900D6D1DF /* Assets.xcassets in Resources */ = {isa = PBXBuildFile; fileRef = 051D27F9228D760900D6D1DF /* Assets.xcassets */; };
		051D27FD228D760900D6D1DF /* LaunchScreen.storyboard in Resources */ = {isa = PBXBuildFile; fileRef = 051D27FB228D760900D6D1DF /* LaunchScreen.storyboard */; };
		0524162C229271860012FC9A /* NearbyDevicesViewController.swift in Sources */ = {isa = PBXBuildFile; fileRef = 0524162B229271860012FC9A /* NearbyDevicesViewController.swift */; };
		0525D820228E91A40007884C /* DeviceModel.swift in Sources */ = {isa = PBXBuildFile; fileRef = 0525D81F228E91A40007884C /* DeviceModel.swift */; };
		0525D822228EA0CA0007884C /* DiscoveredDeviceTableViewCell.swift in Sources */ = {isa = PBXBuildFile; fileRef = 0525D821228EA0CA0007884C /* DiscoveredDeviceTableViewCell.swift */; };
		05B55780228D90B3003EEA47 /* DeviceListVC.swift in Sources */ = {isa = PBXBuildFile; fileRef = 05B5577E228D90B3003EEA47 /* DeviceListVC.swift */; };
		05B55781228D90B3003EEA47 /* ScanVC.swift in Sources */ = {isa = PBXBuildFile; fileRef = 05B5577F228D90B3003EEA47 /* ScanVC.swift */; };
		05B55784228D90BB003EEA47 /* BTCentralManager.swift in Sources */ = {isa = PBXBuildFile; fileRef = 05B55783228D90BB003EEA47 /* BTCentralManager.swift */; };
		05B55788228D90C5003EEA47 /* ExtObjectOrNil.swift in Sources */ = {isa = PBXBuildFile; fileRef = 05B55786228D90C5003EEA47 /* ExtObjectOrNil.swift */; };
		05B55789228D90C5003EEA47 /* LogsHelper.swift in Sources */ = {isa = PBXBuildFile; fileRef = 05B55787228D90C5003EEA47 /* LogsHelper.swift */; };
/* End PBXBuildFile section */

/* Begin PBXFileReference section */
		051D27EF228D760800D6D1DF /* Bags Tracker.app */ = {isa = PBXFileReference; explicitFileType = wrapper.application; includeInIndex = 0; path = "Bags Tracker.app"; sourceTree = BUILT_PRODUCTS_DIR; };
		051D27F2228D760800D6D1DF /* AppDelegate.swift */ = {isa = PBXFileReference; lastKnownFileType = sourcecode.swift; path = AppDelegate.swift; sourceTree = "<group>"; };
		051D27F7228D760800D6D1DF /* Base */ = {isa = PBXFileReference; lastKnownFileType = file.storyboard; name = Base; path = Base.lproj/Main.storyboard; sourceTree = "<group>"; };
		051D27F9228D760900D6D1DF /* Assets.xcassets */ = {isa = PBXFileReference; lastKnownFileType = folder.assetcatalog; path = Assets.xcassets; sourceTree = "<group>"; };
		051D27FC228D760900D6D1DF /* Base */ = {isa = PBXFileReference; lastKnownFileType = file.storyboard; name = Base; path = Base.lproj/LaunchScreen.storyboard; sourceTree = "<group>"; };
		051D27FE228D760900D6D1DF /* Info.plist */ = {isa = PBXFileReference; lastKnownFileType = text.plist.xml; path = Info.plist; sourceTree = "<group>"; };
		0524162B229271860012FC9A /* NearbyDevicesViewController.swift */ = {isa = PBXFileReference; lastKnownFileType = sourcecode.swift; path = NearbyDevicesViewController.swift; sourceTree = "<group>"; };
		0525D81F228E91A40007884C /* DeviceModel.swift */ = {isa = PBXFileReference; lastKnownFileType = sourcecode.swift; path = DeviceModel.swift; sourceTree = "<group>"; };
		0525D821228EA0CA0007884C /* DiscoveredDeviceTableViewCell.swift */ = {isa = PBXFileReference; lastKnownFileType = sourcecode.swift; path = DiscoveredDeviceTableViewCell.swift; sourceTree = "<group>"; };
		05B5577E228D90B3003EEA47 /* DeviceListVC.swift */ = {isa = PBXFileReference; fileEncoding = 4; lastKnownFileType = sourcecode.swift; path = DeviceListVC.swift; sourceTree = "<group>"; };
		05B5577F228D90B3003EEA47 /* ScanVC.swift */ = {isa = PBXFileReference; fileEncoding = 4; lastKnownFileType = sourcecode.swift; path = ScanVC.swift; sourceTree = "<group>"; };
		05B55783228D90BB003EEA47 /* BTCentralManager.swift */ = {isa = PBXFileReference; fileEncoding = 4; lastKnownFileType = sourcecode.swift; path = BTCentralManager.swift; sourceTree = "<group>"; };
		05B55786228D90C5003EEA47 /* ExtObjectOrNil.swift */ = {isa = PBXFileReference; fileEncoding = 4; lastKnownFileType = sourcecode.swift; path = ExtObjectOrNil.swift; sourceTree = "<group>"; };
		05B55787228D90C5003EEA47 /* LogsHelper.swift */ = {isa = PBXFileReference; fileEncoding = 4; lastKnownFileType = sourcecode.swift; path = LogsHelper.swift; sourceTree = "<group>"; };
/* End PBXFileReference section */

/* Begin PBXFrameworksBuildPhase section */
		051D27EC228D760800D6D1DF /* Frameworks */ = {
			isa = PBXFrameworksBuildPhase;
			buildActionMask = 2147483647;
			files = (
			);
			runOnlyForDeploymentPostprocessing = 0;
		};
/* End PBXFrameworksBuildPhase section */

/* Begin PBXGroup section */
		051D27E6228D760800D6D1DF = {
			isa = PBXGroup;
			children = (
				051D27F1228D760800D6D1DF /* Bags Tracker */,
				051D27F0228D760800D6D1DF /* Products */,
			);
			sourceTree = "<group>";
		};
		051D27F0228D760800D6D1DF /* Products */ = {
			isa = PBXGroup;
			children = (
				051D27EF228D760800D6D1DF /* Bags Tracker.app */,
			);
			name = Products;
			sourceTree = "<group>";
		};
		051D27F1228D760800D6D1DF /* Bags Tracker */ = {
			isa = PBXGroup;
			children = (
				05B55785228D90C5003EEA47 /* Vendors */,
				05B55782228D90BB003EEA47 /* Core */,
				05B5577D228D90B3003EEA47 /* ViewControllers */,
				051D27F2228D760800D6D1DF /* AppDelegate.swift */,
				051D27F6228D760800D6D1DF /* Main.storyboard */,
				051D27F9228D760900D6D1DF /* Assets.xcassets */,
				051D27FB228D760900D6D1DF /* LaunchScreen.storyboard */,
				051D27FE228D760900D6D1DF /* Info.plist */,
			);
			path = "Bags Tracker";
			sourceTree = "<group>";
		};
		05B5577D228D90B3003EEA47 /* ViewControllers */ = {
			isa = PBXGroup;
			children = (
				0524162B229271860012FC9A /* NearbyDevicesViewController.swift */,
				05B5577E228D90B3003EEA47 /* DeviceListVC.swift */,
				05B5577F228D90B3003EEA47 /* ScanVC.swift */,
				0525D821228EA0CA0007884C /* DiscoveredDeviceTableViewCell.swift */,
			);
			path = ViewControllers;
			sourceTree = "<group>";
		};
		05B55782228D90BB003EEA47 /* Core */ = {
			isa = PBXGroup;
			children = (
				05B55783228D90BB003EEA47 /* BTCentralManager.swift */,
				0525D81F228E91A40007884C /* DeviceModel.swift */,
			);
			path = Core;
			sourceTree = "<group>";
		};
		05B55785228D90C5003EEA47 /* Vendors */ = {
			isa = PBXGroup;
			children = (
				05B55786228D90C5003EEA47 /* ExtObjectOrNil.swift */,
				05B55787228D90C5003EEA47 /* LogsHelper.swift */,
			);
			path = Vendors;
			sourceTree = "<group>";
		};
/* End PBXGroup section */

/* Begin PBXNativeTarget section */
		051D27EE228D760800D6D1DF /* Bags Tracker */ = {
			isa = PBXNativeTarget;
			buildConfigurationList = 051D2801228D760900D6D1DF /* Build configuration list for PBXNativeTarget "Bags Tracker" */;
			buildPhases = (
				051D27EB228D760800D6D1DF /* Sources */,
				051D27EC228D760800D6D1DF /* Frameworks */,
				051D27ED228D760800D6D1DF /* Resources */,
			);
			buildRules = (
			);
			dependencies = (
			);
			name = "Bags Tracker";
			productName = "Bags Tracker";
			productReference = 051D27EF228D760800D6D1DF /* Bags Tracker.app */;
			productType = "com.apple.product-type.application";
		};
/* End PBXNativeTarget section */

/* Begin PBXProject section */
		051D27E7228D760800D6D1DF /* Project object */ = {
			isa = PBXProject;
			attributes = {
				LastSwiftUpdateCheck = 1020;
				LastUpgradeCheck = 1020;
				ORGANIZATIONNAME = "M Technologies";
				TargetAttributes = {
					051D27EE228D760800D6D1DF = {
						CreatedOnToolsVersion = 10.2.1;
						SystemCapabilities = {
							com.apple.BackgroundModes = {
								enabled = 1;
							};
						};
					};
				};
			};
			buildConfigurationList = 051D27EA228D760800D6D1DF /* Build configuration list for PBXProject "Bags Tracker" */;
			compatibilityVersion = "Xcode 9.3";
			developmentRegion = en;
			hasScannedForEncodings = 0;
			knownRegions = (
				en,
				Base,
			);
			mainGroup = 051D27E6228D760800D6D1DF;
			productRefGroup = 051D27F0228D760800D6D1DF /* Products */;
			projectDirPath = "";
			projectRoot = "";
			targets = (
				051D27EE228D760800D6D1DF /* Bags Tracker */,
			);
		};
/* End PBXProject section */

/* Begin PBXResourcesBuildPhase section */
		051D27ED228D760800D6D1DF /* Resources */ = {
			isa = PBXResourcesBuildPhase;
			buildActionMask = 2147483647;
			files = (
				051D27FD228D760900D6D1DF /* LaunchScreen.storyboard in Resources */,
				051D27FA228D760900D6D1DF /* Assets.xcassets in Resources */,
				051D27F8228D760800D6D1DF /* Main.storyboard in Resources */,
			);
			runOnlyForDeploymentPostprocessing = 0;
		};
/* End PBXResourcesBuildPhase section */

/* Begin PBXSourcesBuildPhase section */
		051D27EB228D760800D6D1DF /* Sources */ = {
			isa = PBXSourcesBuildPhase;
			buildActionMask = 2147483647;
			files = (
				05B55789228D90C5003EEA47 /* LogsHelper.swift in Sources */,
				0525D822228EA0CA0007884C /* DiscoveredDeviceTableViewCell.swift in Sources */,
				05B55788228D90C5003EEA47 /* ExtObjectOrNil.swift in Sources */,
				0525D820228E91A40007884C /* DeviceModel.swift in Sources */,
				0524162C229271860012FC9A /* NearbyDevicesViewController.swift in Sources */,
				05B55780228D90B3003EEA47 /* DeviceListVC.swift in Sources */,
				051D27F3228D760800D6D1DF /* AppDelegate.swift in Sources */,
				05B55781228D90B3003EEA47 /* ScanVC.swift in Sources */,
				05B55784228D90BB003EEA47 /* BTCentralManager.swift in Sources */,
			);
			runOnlyForDeploymentPostprocessing = 0;
		};
/* End PBXSourcesBuildPhase section */

/* Begin PBXVariantGroup section */
		051D27F6228D760800D6D1DF /* Main.storyboard */ = {
			isa = PBXVariantGroup;
			children = (
				051D27F7228D760800D6D1DF /* Base */,
			);
			name = Main.storyboard;
			sourceTree = "<group>";
		};
		051D27FB228D760900D6D1DF /* LaunchScreen.storyboard */ = {
			isa = PBXVariantGroup;
			children = (
				051D27FC228D760900D6D1DF /* Base */,
			);
			name = LaunchScreen.storyboard;
			sourceTree = "<group>";
		};
/* End PBXVariantGroup section */

/* Begin XCBuildConfiguration section */
		051D27FF228D760900D6D1DF /* Debug */ = {
			isa = XCBuildConfiguration;
			buildSettings = {
				ALWAYS_SEARCH_USER_PATHS = NO;
				CLANG_ANALYZER_NONNULL = YES;
				CLANG_ANALYZER_NUMBER_OBJECT_CONVERSION = YES_AGGRESSIVE;
				CLANG_CXX_LANGUAGE_STANDARD = "gnu++14";
				CLANG_CXX_LIBRARY = "libc++";
				CLANG_ENABLE_MODULES = YES;
				CLANG_ENABLE_OBJC_ARC = YES;
				CLANG_ENABLE_OBJC_WEAK = YES;
				CLANG_WARN_BLOCK_CAPTURE_AUTORELEASING = YES;
				CLANG_WARN_BOOL_CONVERSION = YES;
				CLANG_WARN_COMMA = YES;
				CLANG_WARN_CONSTANT_CONVERSION = YES;
				CLANG_WARN_DEPRECATED_OBJC_IMPLEMENTATIONS = YES;
				CLANG_WARN_DIRECT_OBJC_ISA_USAGE = YES_ERROR;
				CLANG_WARN_DOCUMENTATION_COMMENTS = YES;
				CLANG_WARN_EMPTY_BODY = YES;
				CLANG_WARN_ENUM_CONVERSION = YES;
				CLANG_WARN_INFINITE_RECURSION = YES;
				CLANG_WARN_INT_CONVERSION = YES;
				CLANG_WARN_NON_LITERAL_NULL_CONVERSION = YES;
				CLANG_WARN_OBJC_IMPLICIT_RETAIN_SELF = YES;
				CLANG_WARN_OBJC_LITERAL_CONVERSION = YES;
				CLANG_WARN_OBJC_ROOT_CLASS = YES_ERROR;
				CLANG_WARN_RANGE_LOOP_ANALYSIS = YES;
				CLANG_WARN_STRICT_PROTOTYPES = YES;
				CLANG_WARN_SUSPICIOUS_MOVE = YES;
				CLANG_WARN_UNGUARDED_AVAILABILITY = YES_AGGRESSIVE;
				CLANG_WARN_UNREACHABLE_CODE = YES;
				CLANG_WARN__DUPLICATE_METHOD_MATCH = YES;
				CODE_SIGN_IDENTITY = "iPhone Developer";
				COPY_PHASE_STRIP = NO;
				DEBUG_INFORMATION_FORMAT = dwarf;
				ENABLE_STRICT_OBJC_MSGSEND = YES;
				ENABLE_TESTABILITY = YES;
				GCC_C_LANGUAGE_STANDARD = gnu11;
				GCC_DYNAMIC_NO_PIC = NO;
				GCC_NO_COMMON_BLOCKS = YES;
				GCC_OPTIMIZATION_LEVEL = 0;
				GCC_PREPROCESSOR_DEFINITIONS = (
					"DEBUG=1",
					"$(inherited)",
				);
				GCC_WARN_64_TO_32_BIT_CONVERSION = YES;
				GCC_WARN_ABOUT_RETURN_TYPE = YES_ERROR;
				GCC_WARN_UNDECLARED_SELECTOR = YES;
				GCC_WARN_UNINITIALIZED_AUTOS = YES_AGGRESSIVE;
				GCC_WARN_UNUSED_FUNCTION = YES;
				GCC_WARN_UNUSED_VARIABLE = YES;
				IPHONEOS_DEPLOYMENT_TARGET = 12.2;
				MTL_ENABLE_DEBUG_INFO = INCLUDE_SOURCE;
				MTL_FAST_MATH = YES;
				ONLY_ACTIVE_ARCH = YES;
				SDKROOT = iphoneos;
				SWIFT_ACTIVE_COMPILATION_CONDITIONS = DEBUG;
				SWIFT_OPTIMIZATION_LEVEL = "-Onone";
			};
			name = Debug;
		};
		051D2800228D760900D6D1DF /* Release */ = {
			isa = XCBuildConfiguration;
			buildSettings = {
				ALWAYS_SEARCH_USER_PATHS = NO;
				CLANG_ANALYZER_NONNULL = YES;
				CLANG_ANALYZER_NUMBER_OBJECT_CONVERSION = YES_AGGRESSIVE;
				CLANG_CXX_LANGUAGE_STANDARD = "gnu++14";
				CLANG_CXX_LIBRARY = "libc++";
				CLANG_ENABLE_MODULES = YES;
				CLANG_ENABLE_OBJC_ARC = YES;
				CLANG_ENABLE_OBJC_WEAK = YES;
				CLANG_WARN_BLOCK_CAPTURE_AUTORELEASING = YES;
				CLANG_WARN_BOOL_CONVERSION = YES;
				CLANG_WARN_COMMA = YES;
				CLANG_WARN_CONSTANT_CONVERSION = YES;
				CLANG_WARN_DEPRECATED_OBJC_IMPLEMENTATIONS = YES;
				CLANG_WARN_DIRECT_OBJC_ISA_USAGE = YES_ERROR;
				CLANG_WARN_DOCUMENTATION_COMMENTS = YES;
				CLANG_WARN_EMPTY_BODY = YES;
				CLANG_WARN_ENUM_CONVERSION = YES;
				CLANG_WARN_INFINITE_RECURSION = YES;
				CLANG_WARN_INT_CONVERSION = YES;
				CLANG_WARN_NON_LITERAL_NULL_CONVERSION = YES;
				CLANG_WARN_OBJC_IMPLICIT_RETAIN_SELF = YES;
				CLANG_WARN_OBJC_LITERAL_CONVERSION = YES;
				CLANG_WARN_OBJC_ROOT_CLASS = YES_ERROR;
				CLANG_WARN_RANGE_LOOP_ANALYSIS = YES;
				CLANG_WARN_STRICT_PROTOTYPES = YES;
				CLANG_WARN_SUSPICIOUS_MOVE = YES;
				CLANG_WARN_UNGUARDED_AVAILABILITY = YES_AGGRESSIVE;
				CLANG_WARN_UNREACHABLE_CODE = YES;
				CLANG_WARN__DUPLICATE_METHOD_MATCH = YES;
				CODE_SIGN_IDENTITY = "iPhone Developer";
				COPY_PHASE_STRIP = NO;
				DEBUG_INFORMATION_FORMAT = "dwarf-with-dsym";
				ENABLE_NS_ASSERTIONS = NO;
				ENABLE_STRICT_OBJC_MSGSEND = YES;
				GCC_C_LANGUAGE_STANDARD = gnu11;
				GCC_NO_COMMON_BLOCKS = YES;
				GCC_WARN_64_TO_32_BIT_CONVERSION = YES;
				GCC_WARN_ABOUT_RETURN_TYPE = YES_ERROR;
				GCC_WARN_UNDECLARED_SELECTOR = YES;
				GCC_WARN_UNINITIALIZED_AUTOS = YES_AGGRESSIVE;
				GCC_WARN_UNUSED_FUNCTION = YES;
				GCC_WARN_UNUSED_VARIABLE = YES;
				IPHONEOS_DEPLOYMENT_TARGET = 12.2;
				MTL_ENABLE_DEBUG_INFO = NO;
				MTL_FAST_MATH = YES;
				SDKROOT = iphoneos;
				SWIFT_COMPILATION_MODE = wholemodule;
				SWIFT_OPTIMIZATION_LEVEL = "-O";
				VALIDATE_PRODUCT = YES;
			};
			name = Release;
		};
		051D2802228D760900D6D1DF /* Debug */ = {
			isa = XCBuildConfiguration;
			buildSettings = {
				ASSETCATALOG_COMPILER_APPICON_NAME = AppIcon;
				CODE_SIGN_STYLE = Manual;
				DEVELOPMENT_TEAM = 73LTLJAK8K;
				INFOPLIST_FILE = "Bags Tracker/Info.plist";
				IPHONEOS_DEPLOYMENT_TARGET = 12.0;
				LD_RUNPATH_SEARCH_PATHS = (
					"$(inherited)",
					"@executable_path/Frameworks",
				);
				PRODUCT_BUNDLE_IDENTIFIER = "com.m-technologies.Bags-Tracker";
				PRODUCT_NAME = "$(TARGET_NAME)";
				PROVISIONING_PROFILE_SPECIFIER = "All devices";
				SWIFT_VERSION = 5.0;
				TARGETED_DEVICE_FAMILY = 1;
			};
			name = Debug;
		};
		051D2803228D760900D6D1DF /* Release */ = {
			isa = XCBuildConfiguration;
			buildSettings = {
				ASSETCATALOG_COMPILER_APPICON_NAME = AppIcon;
				CODE_SIGN_IDENTITY = "iPhone Distribution";
				CODE_SIGN_STYLE = Manual;
				DEVELOPMENT_TEAM = 73LTLJAK8K;
				INFOPLIST_FILE = "Bags Tracker/Info.plist";
				IPHONEOS_DEPLOYMENT_TARGET = 12.0;
				LD_RUNPATH_SEARCH_PATHS = (
					"$(inherited)",
					"@executable_path/Frameworks",
				);
				PRODUCT_BUNDLE_IDENTIFIER = "com.m-technologies.Bags-Tracker1";
				PRODUCT_NAME = "$(TARGET_NAME)";
				PROVISIONING_PROFILE_SPECIFIER = "Bags Tracker. in-house (Mikhail)";
				SWIFT_VERSION = 5.0;
				TARGETED_DEVICE_FAMILY = 1;
			};
			name = Release;
		};
/* End XCBuildConfiguration section */

/* Begin XCConfigurationList section */
		051D27EA228D760800D6D1DF /* Build configuration list for PBXProject "Bags Tracker" */ = {
			isa = XCConfigurationList;
			buildConfigurations = (
				051D27FF228D760900D6D1DF /* Debug */,
				051D2800228D760900D6D1DF /* Release */,
			);
			defaultConfigurationIsVisible = 0;
			defaultConfigurationName = Release;
		};
		051D2801228D760900D6D1DF /* Build configuration list for PBXNativeTarget "Bags Tracker" */ = {
			isa = XCConfigurationList;
			buildConfigurations = (
				051D2802228D760900D6D1DF /* Debug */,
				051D2803228D760900D6D1DF /* Release */,
			);
			defaultConfigurationIsVisible = 0;
			defaultConfigurationName = Release;
		};
/* End XCConfigurationList section */
	};
	rootObject = 051D27E7228D760800D6D1DF /* Project object */;
}
